// !$*UTF8*$!
{
	archiveVersion = 1;
	classes = {
	};
	objectVersion = 46;
	objects = {

/* Begin PBXBuildFile section */
		3DD6A93F17CA60B800D134E6 /* Foundation.framework in Frameworks */ = {isa = PBXBuildFile; fileRef = 3DD6A93E17CA60B800D134E6 /* Foundation.framework */; };
		3DD6A94117CA60B800D134E6 /* CoreGraphics.framework in Frameworks */ = {isa = PBXBuildFile; fileRef = 3DD6A94017CA60B800D134E6 /* CoreGraphics.framework */; };
		3DD6A94317CA60B800D134E6 /* UIKit.framework in Frameworks */ = {isa = PBXBuildFile; fileRef = 3DD6A94217CA60B800D134E6 /* UIKit.framework */; };
		3DD6A94917CA60B800D134E6 /* InfoPlist.strings in Resources */ = {isa = PBXBuildFile; fileRef = 3DD6A94717CA60B800D134E6 /* InfoPlist.strings */; };
		3DD6A94B17CA60B800D134E6 /* main.m in Sources */ = {isa = PBXBuildFile; fileRef = 3DD6A94A17CA60B800D134E6 /* main.m */; };
		3DD6A94F17CA60B800D134E6 /* AppDelegate.m in Sources */ = {isa = PBXBuildFile; fileRef = 3DD6A94E17CA60B800D134E6 /* AppDelegate.m */; };
		3DD6A95217CA60B800D134E6 /* Main.storyboard in Resources */ = {isa = PBXBuildFile; fileRef = 3DD6A95017CA60B800D134E6 /* Main.storyboard */; };
		3DD6A95517CA60B800D134E6 /* ViewController.m in Sources */ = {isa = PBXBuildFile; fileRef = 3DD6A95417CA60B800D134E6 /* ViewController.m */; };
		3DD6A95717CA60B800D134E6 /* Images.xcassets in Resources */ = {isa = PBXBuildFile; fileRef = 3DD6A95617CA60B800D134E6 /* Images.xcassets */; };
		3DD6A95E17CA60B800D134E6 /* XCTest.framework in Frameworks */ = {isa = PBXBuildFile; fileRef = 3DD6A95D17CA60B800D134E6 /* XCTest.framework */; };
		3DD6A95F17CA60B800D134E6 /* Foundation.framework in Frameworks */ = {isa = PBXBuildFile; fileRef = 3DD6A93E17CA60B800D134E6 /* Foundation.framework */; };
		3DD6A96017CA60B800D134E6 /* UIKit.framework in Frameworks */ = {isa = PBXBuildFile; fileRef = 3DD6A94217CA60B800D134E6 /* UIKit.framework */; };
		3DD6A96817CA60B800D134E6 /* InfoPlist.strings in Resources */ = {isa = PBXBuildFile; fileRef = 3DD6A96617CA60B800D134E6 /* InfoPlist.strings */; };
		3DD6A96A17CA60B800D134E6 /* MyLocationTests.m in Sources */ = {isa = PBXBuildFile; fileRef = 3DD6A96917CA60B800D134E6 /* MyLocationTests.m */; };
		3DD6A97417CA60CE00D134E6 /* CoreLocation.framework in Frameworks */ = {isa = PBXBuildFile; fileRef = 3DD6A97317CA60CE00D134E6 /* CoreLocation.framework */; };
/* End PBXBuildFile section */

/* Begin PBXContainerItemProxy section */
		3DD6A96117CA60B800D134E6 /* PBXContainerItemProxy */ = {
			isa = PBXContainerItemProxy;
			containerPortal = 3DD6A93317CA60B800D134E6 /* Project object */;
			proxyType = 1;
			remoteGlobalIDString = 3DD6A93A17CA60B800D134E6;
			remoteInfo = MyLocation;
		};
/* End PBXContainerItemProxy section */

/* Begin PBXFileReference section */
		3DD6A93B17CA60B800D134E6 /* MyLocation.app */ = {isa = PBXFileReference; explicitFileType = wrapper.application; includeInIndex = 0; path = MyLocation.app; sourceTree = BUILT_PRODUCTS_DIR; };
		3DD6A93E17CA60B800D134E6 /* Foundation.framework */ = {isa = PBXFileReference; lastKnownFileType = wrapper.framework; name = Foundation.framework; path = System/Library/Frameworks/Foundation.framework; sourceTree = SDKROOT; };
		3DD6A94017CA60B800D134E6 /* CoreGraphics.framework */ = {isa = PBXFileReference; lastKnownFileType = wrapper.framework; name = CoreGraphics.framework; path = System/Library/Frameworks/CoreGraphics.framework; sourceTree = SDKROOT; };
		3DD6A94217CA60B800D134E6 /* UIKit.framework */ = {isa = PBXFileReference; lastKnownFileType = wrapper.framework; name = UIKit.framework; path = System/Library/Frameworks/UIKit.framework; sourceTree = SDKROOT; };
		3DD6A94617CA60B800D134E6 /* MyLocation-Info.plist */ = {isa = PBXFileReference; lastKnownFileType = text.plist.xml; path = "MyLocation-Info.plist"; sourceTree = "<group>"; };
		3DD6A94817CA60B800D134E6 /* en */ = {isa = PBXFileReference; lastKnownFileType = text.plist.strings; name = en; path = en.lproj/InfoPlist.strings; sourceTree = "<group>"; };
		3DD6A94A17CA60B800D134E6 /* main.m */ = {isa = PBXFileReference; lastKnownFileType = sourcecode.c.objc; path = main.m; sourceTree = "<group>"; };
		3DD6A94C17CA60B800D134E6 /* MyLocation-Prefix.pch */ = {isa = PBXFileReference; lastKnownFileType = sourcecode.c.h; path = "MyLocation-Prefix.pch"; sourceTree = "<group>"; };
		3DD6A94D17CA60B800D134E6 /* AppDelegate.h */ = {isa = PBXFileReference; lastKnownFileType = sourcecode.c.h; path = AppDelegate.h; sourceTree = "<group>"; };
		3DD6A94E17CA60B800D134E6 /* AppDelegate.m */ = {isa = PBXFileReference; lastKnownFileType = sourcecode.c.objc; path = AppDelegate.m; sourceTree = "<group>"; };
		3DD6A95117CA60B800D134E6 /* Base */ = {isa = PBXFileReference; lastKnownFileType = file.storyboard; name = Base; path = Base.lproj/Main.storyboard; sourceTree = "<group>"; };
		3DD6A95317CA60B800D134E6 /* ViewController.h */ = {isa = PBXFileReference; lastKnownFileType = sourcecode.c.h; path = ViewController.h; sourceTree = "<group>"; };
		3DD6A95417CA60B800D134E6 /* ViewController.m */ = {isa = PBXFileReference; lastKnownFileType = sourcecode.c.objc; path = ViewController.m; sourceTree = "<group>"; };
		3DD6A95617CA60B800D134E6 /* Images.xcassets */ = {isa = PBXFileReference; lastKnownFileType = folder.assetcatalog; path = Images.xcassets; sourceTree = "<group>"; };
		3DD6A95C17CA60B800D134E6 /* MyLocationTests.xctest */ = {isa = PBXFileReference; explicitFileType = wrapper.cfbundle; includeInIndex = 0; path = MyLocationTests.xctest; sourceTree = BUILT_PRODUCTS_DIR; };
		3DD6A95D17CA60B800D134E6 /* XCTest.framework */ = {isa = PBXFileReference; lastKnownFileType = wrapper.framework; name = XCTest.framework; path = Library/Frameworks/XCTest.framework; sourceTree = DEVELOPER_DIR; };
		3DD6A96517CA60B800D134E6 /* MyLocationTests-Info.plist */ = {isa = PBXFileReference; lastKnownFileType = text.plist.xml; path = "MyLocationTests-Info.plist"; sourceTree = "<group>"; };
		3DD6A96717CA60B800D134E6 /* en */ = {isa = PBXFileReference; lastKnownFileType = text.plist.strings; name = en; path = en.lproj/InfoPlist.strings; sourceTree = "<group>"; };
		3DD6A96917CA60B800D134E6 /* MyLocationTests.m */ = {isa = PBXFileReference; lastKnownFileType = sourcecode.c.objc; path = MyLocationTests.m; sourceTree = "<group>"; };
		3DD6A97317CA60CE00D134E6 /* CoreLocation.framework */ = {isa = PBXFileReference; lastKnownFileType = wrapper.framework; name = CoreLocation.framework; path = System/Library/Frameworks/CoreLocation.framework; sourceTree = SDKROOT; };
/* End PBXFileReference section */

/* Begin PBXFrameworksBuildPhase section */
		3DD6A93817CA60B800D134E6 /* Frameworks */ = {
			isa = PBXFrameworksBuildPhase;
			buildActionMask = 2147483647;
			files = (
				3DD6A97417CA60CE00D134E6 /* CoreLocation.framework in Frameworks */,
				3DD6A94117CA60B800D134E6 /* CoreGraphics.framework in Frameworks */,
				3DD6A94317CA60B800D134E6 /* UIKit.framework in Frameworks */,
				3DD6A93F17CA60B800D134E6 /* Foundation.framework in Frameworks */,
			);
			runOnlyForDeploymentPostprocessing = 0;
		};
		3DD6A95917CA60B800D134E6 /* Frameworks */ = {
			isa = PBXFrameworksBuildPhase;
			buildActionMask = 2147483647;
			files = (
				3DD6A95E17CA60B800D134E6 /* XCTest.framework in Frameworks */,
				3DD6A96017CA60B800D134E6 /* UIKit.framework in Frameworks */,
				3DD6A95F17CA60B800D134E6 /* Foundation.framework in Frameworks */,
			);
			runOnlyForDeploymentPostprocessing = 0;
		};
/* End PBXFrameworksBuildPhase section */

/* Begin PBXGroup section */
		3DD6A93217CA60B800D134E6 = {
			isa = PBXGroup;
			children = (
				3DD6A94417CA60B800D134E6 /* MyLocation */,
				3DD6A96317CA60B800D134E6 /* MyLocationTests */,
				3DD6A93D17CA60B800D134E6 /* Frameworks */,
				3DD6A93C17CA60B800D134E6 /* Products */,
			);
			sourceTree = "<group>";
		};
		3DD6A93C17CA60B800D134E6 /* Products */ = {
			isa = PBXGroup;
			children = (
				3DD6A93B17CA60B800D134E6 /* MyLocation.app */,
				3DD6A95C17CA60B800D134E6 /* MyLocationTests.xctest */,
			);
			name = Products;
			sourceTree = "<group>";
		};
		3DD6A93D17CA60B800D134E6 /* Frameworks */ = {
			isa = PBXGroup;
			children = (
				3DD6A97317CA60CE00D134E6 /* CoreLocation.framework */,
				3DD6A93E17CA60B800D134E6 /* Foundation.framework */,
				3DD6A94017CA60B800D134E6 /* CoreGraphics.framework */,
				3DD6A94217CA60B800D134E6 /* UIKit.framework */,
				3DD6A95D17CA60B800D134E6 /* XCTest.framework */,
			);
			name = Frameworks;
			sourceTree = "<group>";
		};
		3DD6A94417CA60B800D134E6 /* MyLocation */ = {
			isa = PBXGroup;
			children = (
				3DD6A94D17CA60B800D134E6 /* AppDelegate.h */,
				3DD6A94E17CA60B800D134E6 /* AppDelegate.m */,
				3DD6A95017CA60B800D134E6 /* Main.storyboard */,
				3DD6A95317CA60B800D134E6 /* ViewController.h */,
				3DD6A95417CA60B800D134E6 /* ViewController.m */,
				3DD6A95617CA60B800D134E6 /* Images.xcassets */,
				3DD6A94517CA60B800D134E6 /* Supporting Files */,
			);
			path = MyLocation;
			sourceTree = "<group>";
		};
		3DD6A94517CA60B800D134E6 /* Supporting Files */ = {
			isa = PBXGroup;
			children = (
				3DD6A94617CA60B800D134E6 /* MyLocation-Info.plist */,
				3DD6A94717CA60B800D134E6 /* InfoPlist.strings */,
				3DD6A94A17CA60B800D134E6 /* main.m */,
				3DD6A94C17CA60B800D134E6 /* MyLocation-Prefix.pch */,
			);
			name = "Supporting Files";
			sourceTree = "<group>";
		};
		3DD6A96317CA60B800D134E6 /* MyLocationTests */ = {
			isa = PBXGroup;
			children = (
				3DD6A96917CA60B800D134E6 /* MyLocationTests.m */,
				3DD6A96417CA60B800D134E6 /* Supporting Files */,
			);
			path = MyLocationTests;
			sourceTree = "<group>";
		};
		3DD6A96417CA60B800D134E6 /* Supporting Files */ = {
			isa = PBXGroup;
			children = (
				3DD6A96517CA60B800D134E6 /* MyLocationTests-Info.plist */,
				3DD6A96617CA60B800D134E6 /* InfoPlist.strings */,
			);
			name = "Supporting Files";
			sourceTree = "<group>";
		};
/* End PBXGroup section */

/* Begin PBXNativeTarget section */
		3DD6A93A17CA60B800D134E6 /* MyLocation */ = {
			isa = PBXNativeTarget;
			buildConfigurationList = 3DD6A96D17CA60B800D134E6 /* Build configuration list for PBXNativeTarget "MyLocation" */;
			buildPhases = (
				3DD6A93717CA60B800D134E6 /* Sources */,
				3DD6A93817CA60B800D134E6 /* Frameworks */,
				3DD6A93917CA60B800D134E6 /* Resources */,
			);
			buildRules = (
			);
			dependencies = (
			);
			name = MyLocation;
			productName = MyLocation;
			productReference = 3DD6A93B17CA60B800D134E6 /* MyLocation.app */;
			productType = "com.apple.product-type.application";
		};
		3DD6A95B17CA60B800D134E6 /* MyLocationTests */ = {
			isa = PBXNativeTarget;
			buildConfigurationList = 3DD6A97017CA60B800D134E6 /* Build configuration list for PBXNativeTarget "MyLocationTests" */;
			buildPhases = (
				3DD6A95817CA60B800D134E6 /* Sources */,
				3DD6A95917CA60B800D134E6 /* Frameworks */,
				3DD6A95A17CA60B800D134E6 /* Resources */,
			);
			buildRules = (
			);
			dependencies = (
				3DD6A96217CA60B800D134E6 /* PBXTargetDependency */,
			);
			name = MyLocationTests;
			productName = MyLocationTests;
			productReference = 3DD6A95C17CA60B800D134E6 /* MyLocationTests.xctest */;
			productType = "com.apple.product-type.bundle.unit-test";
		};
/* End PBXNativeTarget section */

/* Begin PBXProject section */
		3DD6A93317CA60B800D134E6 /* Project object */ = {
			isa = PBXProject;
			attributes = {
				LastUpgradeCheck = 0500;
				ORGANIZATIONNAME = "Tom Therrien";
				TargetAttributes = {
					3DD6A95B17CA60B800D134E6 = {
						TestTargetID = 3DD6A93A17CA60B800D134E6;
					};
				};
			};
			buildConfigurationList = 3DD6A93617CA60B800D134E6 /* Build configuration list for PBXProject "MyLocation" */;
			compatibilityVersion = "Xcode 3.2";
			developmentRegion = English;
			hasScannedForEncodings = 0;
			knownRegions = (
				en,
				Base,
			);
			mainGroup = 3DD6A93217CA60B800D134E6;
			productRefGroup = 3DD6A93C17CA60B800D134E6 /* Products */;
			projectDirPath = "";
			projectRoot = "";
			targets = (
				3DD6A93A17CA60B800D134E6 /* MyLocation */,
				3DD6A95B17CA60B800D134E6 /* MyLocationTests */,
			);
		};
/* End PBXProject section */

/* Begin PBXResourcesBuildPhase section */
		3DD6A93917CA60B800D134E6 /* Resources */ = {
			isa = PBXResourcesBuildPhase;
			buildActionMask = 2147483647;
			files = (
				3DD6A95717CA60B800D134E6 /* Images.xcassets in Resources */,
				3DD6A94917CA60B800D134E6 /* InfoPlist.strings in Resources */,
				3DD6A95217CA60B800D134E6 /* Main.storyboard in Resources */,
			);
			runOnlyForDeploymentPostprocessing = 0;
		};
		3DD6A95A17CA60B800D134E6 /* Resources */ = {
			isa = PBXResourcesBuildPhase;
			buildActionMask = 2147483647;
			files = (
				3DD6A96817CA60B800D134E6 /* InfoPlist.strings in Resources */,
			);
			runOnlyForDeploymentPostprocessing = 0;
		};
/* End PBXResourcesBuildPhase section */

/* Begin PBXSourcesBuildPhase section */
		3DD6A93717CA60B800D134E6 /* Sources */ = {
			isa = PBXSourcesBuildPhase;
			buildActionMask = 2147483647;
			files = (
				3DD6A95517CA60B800D134E6 /* ViewController.m in Sources */,
				3DD6A94F17CA60B800D134E6 /* AppDelegate.m in Sources */,
				3DD6A94B17CA60B800D134E6 /* main.m in Sources */,
			);
			runOnlyForDeploymentPostprocessing = 0;
		};
		3DD6A95817CA60B800D134E6 /* Sources */ = {
			isa = PBXSourcesBuildPhase;
			buildActionMask = 2147483647;
			files = (
				3DD6A96A17CA60B800D134E6 /* MyLocationTests.m in Sources */,
			);
			runOnlyForDeploymentPostprocessing = 0;
		};
/* End PBXSourcesBuildPhase section */

/* Begin PBXTargetDependency section */
		3DD6A96217CA60B800D134E6 /* PBXTargetDependency */ = {
			isa = PBXTargetDependency;
			target = 3DD6A93A17CA60B800D134E6 /* MyLocation */;
			targetProxy = 3DD6A96117CA60B800D134E6 /* PBXContainerItemProxy */;
		};
/* End PBXTargetDependency section */

/* Begin PBXVariantGroup section */
		3DD6A94717CA60B800D134E6 /* InfoPlist.strings */ = {
			isa = PBXVariantGroup;
			children = (
				3DD6A94817CA60B800D134E6 /* en */,
			);
			name = InfoPlist.strings;
			sourceTree = "<group>";
		};
		3DD6A95017CA60B800D134E6 /* Main.storyboard */ = {
			isa = PBXVariantGroup;
			children = (
				3DD6A95117CA60B800D134E6 /* Base */,
			);
			name = Main.storyboard;
			sourceTree = "<group>";
		};
		3DD6A96617CA60B800D134E6 /* InfoPlist.strings */ = {
			isa = PBXVariantGroup;
			children = (
				3DD6A96717CA60B800D134E6 /* en */,
			);
			name = InfoPlist.strings;
			sourceTree = "<group>";
		};
/* End PBXVariantGroup section */

/* Begin XCBuildConfiguration section */
		3DD6A96B17CA60B800D134E6 /* Debug */ = {
			isa = XCBuildConfiguration;
			buildSettings = {
				ALWAYS_SEARCH_USER_PATHS = NO;
				CLANG_CXX_LANGUAGE_STANDARD = "gnu++0x";
				CLANG_CXX_LIBRARY = "libc++";
				CLANG_ENABLE_MODULES = YES;
				CLANG_ENABLE_OBJC_ARC = YES;
				CLANG_WARN_BOOL_CONVERSION = YES;
				CLANG_WARN_CONSTANT_CONVERSION = YES;
				CLANG_WARN_DIRECT_OBJC_ISA_USAGE = YES_ERROR;
				CLANG_WARN_EMPTY_BODY = YES;
				CLANG_WARN_ENUM_CONVERSION = YES;
				CLANG_WARN_INT_CONVERSION = YES;
				CLANG_WARN_OBJC_ROOT_CLASS = YES_ERROR;
				CLANG_WARN__DUPLICATE_METHOD_MATCH = YES;
				"CODE_SIGN_IDENTITY[sdk=iphoneos*]" = "iPhone Developer";
				COPY_PHASE_STRIP = NO;
				GCC_C_LANGUAGE_STANDARD = gnu99;
				GCC_DYNAMIC_NO_PIC = NO;
				GCC_OPTIMIZATION_LEVEL = 0;
				GCC_PREPROCESSOR_DEFINITIONS = (
					"DEBUG=1",
					"$(inherited)",
				);
				GCC_SYMBOLS_PRIVATE_EXTERN = NO;
				GCC_WARN_ABOUT_RETURN_TYPE = YES_ERROR;
				GCC_WARN_UNDECLARED_SELECTOR = YES;
				GCC_WARN_UNINITIALIZED_AUTOS = YES;
				GCC_WARN_UNUSED_FUNCTION = YES;
				GCC_WARN_UNUSED_VARIABLE = YES;
				IPHONEOS_DEPLOYMENT_TARGET = 7.0;
				ONLY_ACTIVE_ARCH = YES;
				SDKROOT = iphoneos;
			};
			name = Debug;
		};
		3DD6A96C17CA60B800D134E6 /* Release */ = {
			isa = XCBuildConfiguration;
			buildSettings = {
				ALWAYS_SEARCH_USER_PATHS = NO;
				CLANG_CXX_LANGUAGE_STANDARD = "gnu++0x";
				CLANG_CXX_LIBRARY = "libc++";
				CLANG_ENABLE_MODULES = YES;
				CLANG_ENABLE_OBJC_ARC = YES;
				CLANG_WARN_BOOL_CONVERSION = YES;
				CLANG_WARN_CONSTANT_CONVERSION = YES;
				CLANG_WARN_DIRECT_OBJC_ISA_USAGE = YES_ERROR;
				CLANG_WARN_EMPTY_BODY = YES;
				CLANG_WARN_ENUM_CONVERSION = YES;
				CLANG_WARN_INT_CONVERSION = YES;
				CLANG_WARN_OBJC_ROOT_CLASS = YES_ERROR;
				CLANG_WARN__DUPLICATE_METHOD_MATCH = YES;
				"CODE_SIGN_IDENTITY[sdk=iphoneos*]" = "iPhone Developer";
				COPY_PHASE_STRIP = YES;
				ENABLE_NS_ASSERTIONS = NO;
				GCC_C_LANGUAGE_STANDARD = gnu99;
				GCC_WARN_ABOUT_RETURN_TYPE = YES_ERROR;
				GCC_WARN_UNDECLARED_SELECTOR = YES;
				GCC_WARN_UNINITIALIZED_AUTOS = YES;
				GCC_WARN_UNUSED_FUNCTION = YES;
				GCC_WARN_UNUSED_VARIABLE = YES;
				IPHONEOS_DEPLOYMENT_TARGET = 7.0;
				SDKROOT = iphoneos;
				VALIDATE_PRODUCT = YES;
			};
			name = Release;
		};
		3DD6A96E17CA60B800D134E6 /* Debug */ = {
			isa = XCBuildConfiguration;
			buildSettings = {
				ASSETCATALOG_COMPILER_APPICON_NAME = AppIcon;
				ASSETCATALOG_COMPILER_LAUNCHIMAGE_NAME = LaunchImage;
				GCC_PRECOMPILE_PREFIX_HEADER = YES;
				GCC_PREFIX_HEADER = "MyLocation/MyLocation-Prefix.pch";
				INFOPLIST_FILE = "MyLocation/MyLocation-Info.plist";
				PRODUCT_NAME = "$(TARGET_NAME)";
				WRAPPER_EXTENSION = app;
			};
			name = Debug;
		};
		3DD6A96F17CA60B800D134E6 /* Release */ = {
			isa = XCBuildConfiguration;
			buildSettings = {
				ASSETCATALOG_COMPILER_APPICON_NAME = AppIcon;
				ASSETCATALOG_COMPILER_LAUNCHIMAGE_NAME = LaunchImage;
				GCC_PRECOMPILE_PREFIX_HEADER = YES;
				GCC_PREFIX_HEADER = "MyLocation/MyLocation-Prefix.pch";
				INFOPLIST_FILE = "MyLocation/MyLocation-Info.plist";
				PRODUCT_NAME = "$(TARGET_NAME)";
				WRAPPER_EXTENSION = app;
			};
			name = Release;
		};
		3DD6A97117CA60B800D134E6 /* Debug */ = {
			isa = XCBuildConfiguration;
			buildSettings = {
				BUNDLE_LOADER = "$(BUILT_PRODUCTS_DIR)/MyLocation.app/MyLocation";
				FRAMEWORK_SEARCH_PATHS = (
					"$(SDKROOT)/Developer/Library/Frameworks",
					"$(inherited)",
					"$(SYSTEM_APPS_DIR)/Xcode5-DP.app/Contents/Developer/Library/Frameworks",
				);
				GCC_PRECOMPILE_PREFIX_HEADER = YES;
				GCC_PREFIX_HEADER = "MyLocation/MyLocation-Prefix.pch";
				GCC_PREPROCESSOR_DEFINITIONS = (
					"DEBUG=1",
					"$(inherited)",
				);
				INFOPLIST_FILE = "MyLocationTests/MyLocationTests-Info.plist";
				PRODUCT_NAME = "$(TARGET_NAME)";
				TEST_HOST = "$(BUNDLE_LOADER)";
				WRAPPER_EXTENSION = xctest;
			};
			name = Debug;
		};
		3DD6A97217CA60B800D134E6 /* Release */ = {
			isa = XCBuildConfiguration;
			buildSettings = {
				BUNDLE_LOADER = "$(BUILT_PRODUCTS_DIR)/MyLocation.app/MyLocation";
				FRAMEWORK_SEARCH_PATHS = (
					"$(SDKROOT)/Developer/Library/Frameworks",
					"$(inherited)",
					"$(SYSTEM_APPS_DIR)/Xcode5-DP.app/Contents/Developer/Library/Frameworks",
				);
				GCC_PRECOMPILE_PREFIX_HEADER = YES;
				GCC_PREFIX_HEADER = "MyLocation/MyLocation-Prefix.pch";
				INFOPLIST_FILE = "MyLocationTests/MyLocationTests-Info.plist";
				PRODUCT_NAME = "$(TARGET_NAME)";
				TEST_HOST = "$(BUNDLE_LOADER)";
				WRAPPER_EXTENSION = xctest;
			};
			name = Release;
		};
/* End XCBuildConfiguration section */

/* Begin XCConfigurationList section */
		3DD6A93617CA60B800D134E6 /* Build configuration list for PBXProject "MyLocation" */ = {
			isa = XCConfigurationList;
			buildConfigurations = (
				3DD6A96B17CA60B800D134E6 /* Debug */,
				3DD6A96C17CA60B800D134E6 /* Release */,
			);
			defaultConfigurationIsVisible = 0;
			defaultConfigurationName = Release;
		};
		3DD6A96D17CA60B800D134E6 /* Build configuration list for PBXNativeTarget "MyLocation" */ = {
			isa = XCConfigurationList;
			buildConfigurations = (
				3DD6A96E17CA60B800D134E6 /* Debug */,
				3DD6A96F17CA60B800D134E6 /* Release */,
			);
			defaultConfigurationIsVisible = 0;
		};
		3DD6A97017CA60B800D134E6 /* Build configuration list for PBXNativeTarget "MyLocationTests" */ = {
			isa = XCConfigurationList;
			buildConfigurations = (
				3DD6A97117CA60B800D134E6 /* Debug */,
				3DD6A97217CA60B800D134E6 /* Release */,
			);
			defaultConfigurationIsVisible = 0;
		};
/* End XCConfigurationList section */
	};
	rootObject = 3DD6A93317CA60B800D134E6 /* Project object */;
}
