// !$*UTF8*$!
{
	archiveVersion = 1;
	classes = {
	};
	objectVersion = 46;
	objects = {

/* Begin PBXBuildFile section */
		3D2A5F11176C948F007A0201 /* SpriteSpaceshipScene.m in Sources */ = {isa = PBXBuildFile; fileRef = 3D2A5F10176C9104007A0201 /* SpriteSpaceshipScene.m */; };
		3D38F09C176AA1BE00403F4E /* Foundation.framework in Frameworks */ = {isa = PBXBuildFile; fileRef = 3D38F09B176AA1BE00403F4E /* Foundation.framework */; };
		3D38F09E176AA1BE00403F4E /* CoreGraphics.framework in Frameworks */ = {isa = PBXBuildFile; fileRef = 3D38F09D176AA1BE00403F4E /* CoreGraphics.framework */; };
		3D38F0A0176AA1BE00403F4E /* UIKit.framework in Frameworks */ = {isa = PBXBuildFile; fileRef = 3D38F09F176AA1BE00403F4E /* UIKit.framework */; };
		3D38F0A6176AA1BE00403F4E /* InfoPlist.strings in Resources */ = {isa = PBXBuildFile; fileRef = 3D38F0A4176AA1BE00403F4E /* InfoPlist.strings */; };
		3D38F0A8176AA1BE00403F4E /* main.m in Sources */ = {isa = PBXBuildFile; fileRef = 3D38F0A7176AA1BE00403F4E /* main.m */; };
		3D38F0AC176AA1BE00403F4E /* SpriteAppDelegate.m in Sources */ = {isa = PBXBuildFile; fileRef = 3D38F0AB176AA1BE00403F4E /* SpriteAppDelegate.m */; };
		3D38F0AF176AA1BE00403F4E /* Main.storyboard in Resources */ = {isa = PBXBuildFile; fileRef = 3D38F0AD176AA1BE00403F4E /* Main.storyboard */; };
		3D38F0B2176AA1BE00403F4E /* SpriteViewController.m in Sources */ = {isa = PBXBuildFile; fileRef = 3D38F0B1176AA1BE00403F4E /* SpriteViewController.m */; };
		3D38F0B4176AA1BE00403F4E /* Images.xcassets in Resources */ = {isa = PBXBuildFile; fileRef = 3D38F0B3176AA1BE00403F4E /* Images.xcassets */; };
		3D38F0BB176AA1BE00403F4E /* XCTest.framework in Frameworks */ = {isa = PBXBuildFile; fileRef = 3D38F0BA176AA1BE00403F4E /* XCTest.framework */; };
		3D38F0BC176AA1BE00403F4E /* Foundation.framework in Frameworks */ = {isa = PBXBuildFile; fileRef = 3D38F09B176AA1BE00403F4E /* Foundation.framework */; };
		3D38F0BD176AA1BE00403F4E /* UIKit.framework in Frameworks */ = {isa = PBXBuildFile; fileRef = 3D38F09F176AA1BE00403F4E /* UIKit.framework */; };
		3D38F0C5176AA1BE00403F4E /* InfoPlist.strings in Resources */ = {isa = PBXBuildFile; fileRef = 3D38F0C3176AA1BE00403F4E /* InfoPlist.strings */; };
		3D38F0C7176AA1BE00403F4E /* SpriteWalkThroughTests.m in Sources */ = {isa = PBXBuildFile; fileRef = 3D38F0C6176AA1BE00403F4E /* SpriteWalkThroughTests.m */; };
		3D38F0D1176AA25E00403F4E /* SpriteKit.framework in Frameworks */ = {isa = PBXBuildFile; fileRef = 3D38F0D0176AA25E00403F4E /* SpriteKit.framework */; };
		3D806717178CED2400E01316 /* octo1.png in Resources */ = {isa = PBXBuildFile; fileRef = 3D806716178CECD500E01316 /* octo1.png */; };
		3D806719178CED8400E01316 /* octo2.png in Resources */ = {isa = PBXBuildFile; fileRef = 3D806718178CED7C00E01316 /* octo2.png */; };
		3D88A7E0176AAAC4007FD335 /* SpriteHelloScene.m in Sources */ = {isa = PBXBuildFile; fileRef = 3D38F0D3176AA46A00403F4E /* SpriteHelloScene.m */; };
		3D99DDDB178C8F0600458898 /* beep-1.mp3 in Resources */ = {isa = PBXBuildFile; fileRef = 3D99DDDA178C8E0500458898 /* beep-1.mp3 */; };
/* End PBXBuildFile section */

/* Begin PBXContainerItemProxy section */
		3D38F0BE176AA1BE00403F4E /* PBXContainerItemProxy */ = {
			isa = PBXContainerItemProxy;
			containerPortal = 3D38F090176AA1BE00403F4E /* Project object */;
			proxyType = 1;
			remoteGlobalIDString = 3D38F097176AA1BE00403F4E;
			remoteInfo = SpriteWalkThrough;
		};
/* End PBXContainerItemProxy section */

/* Begin PBXFileReference section */
		3D2A5F0F176C9104007A0201 /* SpriteSpaceshipScene.h */ = {isa = PBXFileReference; lastKnownFileType = sourcecode.c.h; path = SpriteSpaceshipScene.h; sourceTree = "<group>"; };
		3D2A5F10176C9104007A0201 /* SpriteSpaceshipScene.m */ = {isa = PBXFileReference; lastKnownFileType = sourcecode.c.objc; path = SpriteSpaceshipScene.m; sourceTree = "<group>"; };
		3D38F098176AA1BE00403F4E /* SpriteWalkThrough.app */ = {isa = PBXFileReference; explicitFileType = wrapper.application; includeInIndex = 0; path = SpriteWalkThrough.app; sourceTree = BUILT_PRODUCTS_DIR; };
		3D38F09B176AA1BE00403F4E /* Foundation.framework */ = {isa = PBXFileReference; lastKnownFileType = wrapper.framework; name = Foundation.framework; path = System/Library/Frameworks/Foundation.framework; sourceTree = SDKROOT; };
		3D38F09D176AA1BE00403F4E /* CoreGraphics.framework */ = {isa = PBXFileReference; lastKnownFileType = wrapper.framework; name = CoreGraphics.framework; path = System/Library/Frameworks/CoreGraphics.framework; sourceTree = SDKROOT; };
		3D38F09F176AA1BE00403F4E /* UIKit.framework */ = {isa = PBXFileReference; lastKnownFileType = wrapper.framework; name = UIKit.framework; path = System/Library/Frameworks/UIKit.framework; sourceTree = SDKROOT; };
		3D38F0A3176AA1BE00403F4E /* SpriteWalkThrough-Info.plist */ = {isa = PBXFileReference; lastKnownFileType = text.plist.xml; path = "SpriteWalkThrough-Info.plist"; sourceTree = "<group>"; };
		3D38F0A5176AA1BE00403F4E /* en */ = {isa = PBXFileReference; lastKnownFileType = text.plist.strings; name = en; path = en.lproj/InfoPlist.strings; sourceTree = "<group>"; };
		3D38F0A7176AA1BE00403F4E /* main.m */ = {isa = PBXFileReference; lastKnownFileType = sourcecode.c.objc; path = main.m; sourceTree = "<group>"; };
		3D38F0A9176AA1BE00403F4E /* SpriteWalkThrough-Prefix.pch */ = {isa = PBXFileReference; lastKnownFileType = sourcecode.c.h; path = "SpriteWalkThrough-Prefix.pch"; sourceTree = "<group>"; };
		3D38F0AA176AA1BE00403F4E /* SpriteAppDelegate.h */ = {isa = PBXFileReference; lastKnownFileType = sourcecode.c.h; path = SpriteAppDelegate.h; sourceTree = "<group>"; };
		3D38F0AB176AA1BE00403F4E /* SpriteAppDelegate.m */ = {isa = PBXFileReference; lastKnownFileType = sourcecode.c.objc; path = SpriteAppDelegate.m; sourceTree = "<group>"; };
		3D38F0AE176AA1BE00403F4E /* Base */ = {isa = PBXFileReference; lastKnownFileType = file.storyboard; name = Base; path = Base.lproj/Main.storyboard; sourceTree = "<group>"; };
		3D38F0B0176AA1BE00403F4E /* SpriteViewController.h */ = {isa = PBXFileReference; lastKnownFileType = sourcecode.c.h; path = SpriteViewController.h; sourceTree = "<group>"; };
		3D38F0B1176AA1BE00403F4E /* SpriteViewController.m */ = {isa = PBXFileReference; lastKnownFileType = sourcecode.c.objc; path = SpriteViewController.m; sourceTree = "<group>"; };
		3D38F0B3176AA1BE00403F4E /* Images.xcassets */ = {isa = PBXFileReference; lastKnownFileType = folder.assetcatalog; path = Images.xcassets; sourceTree = "<group>"; };
		3D38F0B9176AA1BE00403F4E /* SpriteWalkThroughTests.xctest */ = {isa = PBXFileReference; explicitFileType = wrapper.cfbundle; includeInIndex = 0; path = SpriteWalkThroughTests.xctest; sourceTree = BUILT_PRODUCTS_DIR; };
		3D38F0BA176AA1BE00403F4E /* XCTest.framework */ = {isa = PBXFileReference; lastKnownFileType = wrapper.framework; name = XCTest.framework; path = Library/Frameworks/XCTest.framework; sourceTree = DEVELOPER_DIR; };
		3D38F0C2176AA1BE00403F4E /* SpriteWalkThroughTests-Info.plist */ = {isa = PBXFileReference; lastKnownFileType = text.plist.xml; path = "SpriteWalkThroughTests-Info.plist"; sourceTree = "<group>"; };
		3D38F0C4176AA1BE00403F4E /* en */ = {isa = PBXFileReference; lastKnownFileType = text.plist.strings; name = en; path = en.lproj/InfoPlist.strings; sourceTree = "<group>"; };
		3D38F0C6176AA1BE00403F4E /* SpriteWalkThroughTests.m */ = {isa = PBXFileReference; lastKnownFileType = sourcecode.c.objc; path = SpriteWalkThroughTests.m; sourceTree = "<group>"; };
		3D38F0D0176AA25E00403F4E /* SpriteKit.framework */ = {isa = PBXFileReference; lastKnownFileType = wrapper.framework; name = SpriteKit.framework; path = System/Library/Frameworks/SpriteKit.framework; sourceTree = SDKROOT; };
		3D38F0D2176AA46A00403F4E /* SpriteHelloScene.h */ = {isa = PBXFileReference; lastKnownFileType = sourcecode.c.h; path = SpriteHelloScene.h; sourceTree = "<group>"; };
		3D38F0D3176AA46A00403F4E /* SpriteHelloScene.m */ = {isa = PBXFileReference; lastKnownFileType = sourcecode.c.objc; path = SpriteHelloScene.m; sourceTree = "<group>"; };
		3D59B935178CEABD00D7BA5C /* octo1.png */ = {isa = PBXFileReference; lastKnownFileType = image.png; name = octo1.png; path = "../../../../../Documents/Game Images/octo1.png"; sourceTree = "<group>"; };
		3D59B936178CEABD00D7BA5C /* octo2.png */ = {isa = PBXFileReference; lastKnownFileType = image.png; name = octo2.png; path = "../../../../../Documents/Game Images/octo2.png"; sourceTree = "<group>"; };
		3D806716178CECD500E01316 /* octo1.png */ = {isa = PBXFileReference; lastKnownFileType = image.png; path = octo1.png; sourceTree = "<group>"; };
		3D806718178CED7C00E01316 /* octo2.png */ = {isa = PBXFileReference; lastKnownFileType = image.png; path = octo2.png; sourceTree = "<group>"; };
		3D99DDDA178C8E0500458898 /* beep-1.mp3 */ = {isa = PBXFileReference; lastKnownFileType = audio.mp3; path = "beep-1.mp3"; sourceTree = "<group>"; };
/* End PBXFileReference section */

/* Begin PBXFrameworksBuildPhase section */
		3D38F095176AA1BE00403F4E /* Frameworks */ = {
			isa = PBXFrameworksBuildPhase;
			buildActionMask = 2147483647;
			files = (
				3D38F09E176AA1BE00403F4E /* CoreGraphics.framework in Frameworks */,
				3D38F0A0176AA1BE00403F4E /* UIKit.framework in Frameworks */,
				3D38F0D1176AA25E00403F4E /* SpriteKit.framework in Frameworks */,
				3D38F09C176AA1BE00403F4E /* Foundation.framework in Frameworks */,
			);
			runOnlyForDeploymentPostprocessing = 0;
		};
		3D38F0B6176AA1BE00403F4E /* Frameworks */ = {
			isa = PBXFrameworksBuildPhase;
			buildActionMask = 2147483647;
			files = (
				3D38F0BB176AA1BE00403F4E /* XCTest.framework in Frameworks */,
				3D38F0BD176AA1BE00403F4E /* UIKit.framework in Frameworks */,
				3D38F0BC176AA1BE00403F4E /* Foundation.framework in Frameworks */,
			);
			runOnlyForDeploymentPostprocessing = 0;
		};
/* End PBXFrameworksBuildPhase section */

/* Begin PBXGroup section */
		3D38F08F176AA1BE00403F4E = {
			isa = PBXGroup;
			children = (
				3D38F0A1176AA1BE00403F4E /* SpriteWalkThrough */,
				3D38F0C0176AA1BE00403F4E /* SpriteWalkThroughTests */,
				3D38F09A176AA1BE00403F4E /* Frameworks */,
				3D38F099176AA1BE00403F4E /* Products */,
			);
			sourceTree = "<group>";
		};
		3D38F099176AA1BE00403F4E /* Products */ = {
			isa = PBXGroup;
			children = (
				3D38F098176AA1BE00403F4E /* SpriteWalkThrough.app */,
				3D38F0B9176AA1BE00403F4E /* SpriteWalkThroughTests.xctest */,
			);
			name = Products;
			sourceTree = "<group>";
		};
		3D38F09A176AA1BE00403F4E /* Frameworks */ = {
			isa = PBXGroup;
			children = (
				3D38F0D0176AA25E00403F4E /* SpriteKit.framework */,
				3D38F09B176AA1BE00403F4E /* Foundation.framework */,
				3D38F09D176AA1BE00403F4E /* CoreGraphics.framework */,
				3D38F09F176AA1BE00403F4E /* UIKit.framework */,
				3D38F0BA176AA1BE00403F4E /* XCTest.framework */,
			);
			name = Frameworks;
			sourceTree = "<group>";
		};
		3D38F0A1176AA1BE00403F4E /* SpriteWalkThrough */ = {
			isa = PBXGroup;
			children = (
				3D806718178CED7C00E01316 /* octo2.png */,
				3D806716178CECD500E01316 /* octo1.png */,
				3D99DDDA178C8E0500458898 /* beep-1.mp3 */,
				3D38F0AA176AA1BE00403F4E /* SpriteAppDelegate.h */,
				3D38F0AB176AA1BE00403F4E /* SpriteAppDelegate.m */,
				3D38F0AD176AA1BE00403F4E /* Main.storyboard */,
				3D38F0B0176AA1BE00403F4E /* SpriteViewController.h */,
				3D38F0B1176AA1BE00403F4E /* SpriteViewController.m */,
				3D38F0B3176AA1BE00403F4E /* Images.xcassets */,
				3D38F0A2176AA1BE00403F4E /* Supporting Files */,
				3D38F0D2176AA46A00403F4E /* SpriteHelloScene.h */,
				3D38F0D3176AA46A00403F4E /* SpriteHelloScene.m */,
				3D2A5F0F176C9104007A0201 /* SpriteSpaceshipScene.h */,
				3D2A5F10176C9104007A0201 /* SpriteSpaceshipScene.m */,
			);
			path = SpriteWalkThrough;
			sourceTree = "<group>";
		};
		3D38F0A2176AA1BE00403F4E /* Supporting Files */ = {
			isa = PBXGroup;
			children = (
				3D59B935178CEABD00D7BA5C /* octo1.png */,
				3D59B936178CEABD00D7BA5C /* octo2.png */,
				3D38F0A3176AA1BE00403F4E /* SpriteWalkThrough-Info.plist */,
				3D38F0A4176AA1BE00403F4E /* InfoPlist.strings */,
				3D38F0A7176AA1BE00403F4E /* main.m */,
				3D38F0A9176AA1BE00403F4E /* SpriteWalkThrough-Prefix.pch */,
			);
			name = "Supporting Files";
			sourceTree = "<group>";
		};
		3D38F0C0176AA1BE00403F4E /* SpriteWalkThroughTests */ = {
			isa = PBXGroup;
			children = (
				3D38F0C6176AA1BE00403F4E /* SpriteWalkThroughTests.m */,
				3D38F0C1176AA1BE00403F4E /* Supporting Files */,
			);
			path = SpriteWalkThroughTests;
			sourceTree = "<group>";
		};
		3D38F0C1176AA1BE00403F4E /* Supporting Files */ = {
			isa = PBXGroup;
			children = (
				3D38F0C2176AA1BE00403F4E /* SpriteWalkThroughTests-Info.plist */,
				3D38F0C3176AA1BE00403F4E /* InfoPlist.strings */,
			);
			name = "Supporting Files";
			sourceTree = "<group>";
		};
/* End PBXGroup section */

/* Begin PBXNativeTarget section */
		3D38F097176AA1BE00403F4E /* SpriteWalkThrough */ = {
			isa = PBXNativeTarget;
			buildConfigurationList = 3D38F0CA176AA1BE00403F4E /* Build configuration list for PBXNativeTarget "SpriteWalkThrough" */;
			buildPhases = (
				3D38F094176AA1BE00403F4E /* Sources */,
				3D38F095176AA1BE00403F4E /* Frameworks */,
				3D38F096176AA1BE00403F4E /* Resources */,
			);
			buildRules = (
			);
			dependencies = (
			);
			name = SpriteWalkThrough;
			productName = SpriteWalkThrough;
			productReference = 3D38F098176AA1BE00403F4E /* SpriteWalkThrough.app */;
			productType = "com.apple.product-type.application";
		};
		3D38F0B8176AA1BE00403F4E /* SpriteWalkThroughTests */ = {
			isa = PBXNativeTarget;
			buildConfigurationList = 3D38F0CD176AA1BE00403F4E /* Build configuration list for PBXNativeTarget "SpriteWalkThroughTests" */;
			buildPhases = (
				3D38F0B5176AA1BE00403F4E /* Sources */,
				3D38F0B6176AA1BE00403F4E /* Frameworks */,
				3D38F0B7176AA1BE00403F4E /* Resources */,
			);
			buildRules = (
			);
			dependencies = (
				3D38F0BF176AA1BE00403F4E /* PBXTargetDependency */,
			);
			name = SpriteWalkThroughTests;
			productName = SpriteWalkThroughTests;
			productReference = 3D38F0B9176AA1BE00403F4E /* SpriteWalkThroughTests.xctest */;
			productType = "com.apple.product-type.bundle.unit-test";
		};
/* End PBXNativeTarget section */

/* Begin PBXProject section */
		3D38F090176AA1BE00403F4E /* Project object */ = {
			isa = PBXProject;
			attributes = {
				CLASSPREFIX = Sprite;
				LastUpgradeCheck = 0500;
				ORGANIZATIONNAME = "Tom Therrien";
				TargetAttributes = {
					3D38F0B8176AA1BE00403F4E = {
						TestTargetID = 3D38F097176AA1BE00403F4E;
					};
				};
			};
			buildConfigurationList = 3D38F093176AA1BE00403F4E /* Build configuration list for PBXProject "SpriteWalkThrough" */;
			compatibilityVersion = "Xcode 3.2";
			developmentRegion = English;
			hasScannedForEncodings = 0;
			knownRegions = (
				en,
				Base,
			);
			mainGroup = 3D38F08F176AA1BE00403F4E;
			productRefGroup = 3D38F099176AA1BE00403F4E /* Products */;
			projectDirPath = "";
			projectRoot = "";
			targets = (
				3D38F097176AA1BE00403F4E /* SpriteWalkThrough */,
				3D38F0B8176AA1BE00403F4E /* SpriteWalkThroughTests */,
			);
		};
/* End PBXProject section */

/* Begin PBXResourcesBuildPhase section */
		3D38F096176AA1BE00403F4E /* Resources */ = {
			isa = PBXResourcesBuildPhase;
			buildActionMask = 2147483647;
			files = (
				3D806719178CED8400E01316 /* octo2.png in Resources */,
				3D806717178CED2400E01316 /* octo1.png in Resources */,
				3D99DDDB178C8F0600458898 /* beep-1.mp3 in Resources */,
				3D38F0B4176AA1BE00403F4E /* Images.xcassets in Resources */,
				3D38F0A6176AA1BE00403F4E /* InfoPlist.strings in Resources */,
				3D38F0AF176AA1BE00403F4E /* Main.storyboard in Resources */,
			);
			runOnlyForDeploymentPostprocessing = 0;
		};
		3D38F0B7176AA1BE00403F4E /* Resources */ = {
			isa = PBXResourcesBuildPhase;
			buildActionMask = 2147483647;
			files = (
				3D38F0C5176AA1BE00403F4E /* InfoPlist.strings in Resources */,
			);
			runOnlyForDeploymentPostprocessing = 0;
		};
/* End PBXResourcesBuildPhase section */

/* Begin PBXSourcesBuildPhase section */
		3D38F094176AA1BE00403F4E /* Sources */ = {
			isa = PBXSourcesBuildPhase;
			buildActionMask = 2147483647;
			files = (
				3D2A5F11176C948F007A0201 /* SpriteSpaceshipScene.m in Sources */,
				3D38F0A8176AA1BE00403F4E /* main.m in Sources */,
				3D38F0AC176AA1BE00403F4E /* SpriteAppDelegate.m in Sources */,
				3D38F0B2176AA1BE00403F4E /* SpriteViewController.m in Sources */,
				3D88A7E0176AAAC4007FD335 /* SpriteHelloScene.m in Sources */,
			);
			runOnlyForDeploymentPostprocessing = 0;
		};
		3D38F0B5176AA1BE00403F4E /* Sources */ = {
			isa = PBXSourcesBuildPhase;
			buildActionMask = 2147483647;
			files = (
				3D38F0C7176AA1BE00403F4E /* SpriteWalkThroughTests.m in Sources */,
			);
			runOnlyForDeploymentPostprocessing = 0;
		};
/* End PBXSourcesBuildPhase section */

/* Begin PBXTargetDependency section */
		3D38F0BF176AA1BE00403F4E /* PBXTargetDependency */ = {
			isa = PBXTargetDependency;
			target = 3D38F097176AA1BE00403F4E /* SpriteWalkThrough */;
			targetProxy = 3D38F0BE176AA1BE00403F4E /* PBXContainerItemProxy */;
		};
/* End PBXTargetDependency section */

/* Begin PBXVariantGroup section */
		3D38F0A4176AA1BE00403F4E /* InfoPlist.strings */ = {
			isa = PBXVariantGroup;
			children = (
				3D38F0A5176AA1BE00403F4E /* en */,
			);
			name = InfoPlist.strings;
			sourceTree = "<group>";
		};
		3D38F0AD176AA1BE00403F4E /* Main.storyboard */ = {
			isa = PBXVariantGroup;
			children = (
				3D38F0AE176AA1BE00403F4E /* Base */,
			);
			name = Main.storyboard;
			sourceTree = "<group>";
		};
		3D38F0C3176AA1BE00403F4E /* InfoPlist.strings */ = {
			isa = PBXVariantGroup;
			children = (
				3D38F0C4176AA1BE00403F4E /* en */,
			);
			name = InfoPlist.strings;
			sourceTree = "<group>";
		};
/* End PBXVariantGroup section */

/* Begin XCBuildConfiguration section */
		3D38F0C8176AA1BE00403F4E /* Debug */ = {
			isa = XCBuildConfiguration;
			buildSettings = {
				ALWAYS_SEARCH_USER_PATHS = NO;
				CLANG_CXX_LANGUAGE_STANDARD = "gnu++0x";
				CLANG_CXX_LIBRARY = "libc++";
				CLANG_ENABLE_MODULES = YES;
				CLANG_ENABLE_OBJC_ARC = YES;
				CLANG_WARN_BOOL_CONVERSION = YES;
				CLANG_WARN_CONSTANT_CONVERSION = YES;
				CLANG_WARN_DIRECT_OBJC_ISA_USAGE = YES_ERROR;
				CLANG_WARN_EMPTY_BODY = YES;
				CLANG_WARN_ENUM_CONVERSION = YES;
				CLANG_WARN_INT_CONVERSION = YES;
				CLANG_WARN_OBJC_ROOT_CLASS = YES_ERROR;
				CLANG_WARN__DUPLICATE_METHOD_MATCH = YES;
				"CODE_SIGN_IDENTITY[sdk=iphoneos*]" = "iPhone Developer";
				COPY_PHASE_STRIP = NO;
				GCC_C_LANGUAGE_STANDARD = gnu99;
				GCC_DYNAMIC_NO_PIC = NO;
				GCC_OPTIMIZATION_LEVEL = 0;
				GCC_PREPROCESSOR_DEFINITIONS = (
					"DEBUG=1",
					"$(inherited)",
				);
				GCC_SYMBOLS_PRIVATE_EXTERN = NO;
				GCC_WARN_ABOUT_RETURN_TYPE = YES_ERROR;
				GCC_WARN_UNDECLARED_SELECTOR = YES;
				GCC_WARN_UNINITIALIZED_AUTOS = YES;
				GCC_WARN_UNUSED_FUNCTION = YES;
				GCC_WARN_UNUSED_VARIABLE = YES;
				IPHONEOS_DEPLOYMENT_TARGET = 7.0;
				ONLY_ACTIVE_ARCH = YES;
				SDKROOT = iphoneos;
				TARGETED_DEVICE_FAMILY = 2;
			};
			name = Debug;
		};
		3D38F0C9176AA1BE00403F4E /* Release */ = {
			isa = XCBuildConfiguration;
			buildSettings = {
				ALWAYS_SEARCH_USER_PATHS = NO;
				CLANG_CXX_LANGUAGE_STANDARD = "gnu++0x";
				CLANG_CXX_LIBRARY = "libc++";
				CLANG_ENABLE_MODULES = YES;
				CLANG_ENABLE_OBJC_ARC = YES;
				CLANG_WARN_BOOL_CONVERSION = YES;
				CLANG_WARN_CONSTANT_CONVERSION = YES;
				CLANG_WARN_DIRECT_OBJC_ISA_USAGE = YES_ERROR;
				CLANG_WARN_EMPTY_BODY = YES;
				CLANG_WARN_ENUM_CONVERSION = YES;
				CLANG_WARN_INT_CONVERSION = YES;
				CLANG_WARN_OBJC_ROOT_CLASS = YES_ERROR;
				CLANG_WARN__DUPLICATE_METHOD_MATCH = YES;
				"CODE_SIGN_IDENTITY[sdk=iphoneos*]" = "iPhone Developer";
				COPY_PHASE_STRIP = YES;
				ENABLE_NS_ASSERTIONS = NO;
				GCC_C_LANGUAGE_STANDARD = gnu99;
				GCC_WARN_ABOUT_RETURN_TYPE = YES_ERROR;
				GCC_WARN_UNDECLARED_SELECTOR = YES;
				GCC_WARN_UNINITIALIZED_AUTOS = YES;
				GCC_WARN_UNUSED_FUNCTION = YES;
				GCC_WARN_UNUSED_VARIABLE = YES;
				IPHONEOS_DEPLOYMENT_TARGET = 7.0;
				SDKROOT = iphoneos;
				TARGETED_DEVICE_FAMILY = 2;
				VALIDATE_PRODUCT = YES;
			};
			name = Release;
		};
		3D38F0CB176AA1BE00403F4E /* Debug */ = {
			isa = XCBuildConfiguration;
			buildSettings = {
				ASSETCATALOG_COMPILER_APPICON_NAME = AppIcon;
				ASSETCATALOG_COMPILER_LAUNCHIMAGE_NAME = LaunchImage;
				GCC_PRECOMPILE_PREFIX_HEADER = YES;
				GCC_PREFIX_HEADER = "SpriteWalkThrough/SpriteWalkThrough-Prefix.pch";
				INFOPLIST_FILE = "SpriteWalkThrough/SpriteWalkThrough-Info.plist";
				IPHONEOS_DEPLOYMENT_TARGET = 7.0;
				PRODUCT_NAME = "$(TARGET_NAME)";
				TARGETED_DEVICE_FAMILY = 1;
				WRAPPER_EXTENSION = app;
			};
			name = Debug;
		};
		3D38F0CC176AA1BE00403F4E /* Release */ = {
			isa = XCBuildConfiguration;
			buildSettings = {
				ASSETCATALOG_COMPILER_APPICON_NAME = AppIcon;
				ASSETCATALOG_COMPILER_LAUNCHIMAGE_NAME = LaunchImage;
				GCC_PRECOMPILE_PREFIX_HEADER = YES;
				GCC_PREFIX_HEADER = "SpriteWalkThrough/SpriteWalkThrough-Prefix.pch";
				INFOPLIST_FILE = "SpriteWalkThrough/SpriteWalkThrough-Info.plist";
				IPHONEOS_DEPLOYMENT_TARGET = 7.0;
				PRODUCT_NAME = "$(TARGET_NAME)";
				TARGETED_DEVICE_FAMILY = 1;
				WRAPPER_EXTENSION = app;
			};
			name = Release;
		};
		3D38F0CE176AA1BE00403F4E /* Debug */ = {
			isa = XCBuildConfiguration;
			buildSettings = {
				BUNDLE_LOADER = "$(BUILT_PRODUCTS_DIR)/SpriteWalkThrough.app/SpriteWalkThrough";
				FRAMEWORK_SEARCH_PATHS = (
					"$(SDKROOT)/Developer/Library/Frameworks",
					"$(inherited)",
					"$(SYSTEM_APPS_DIR)/Xcode5-DP.app/Contents/Developer/Library/Frameworks",
				);
				GCC_PRECOMPILE_PREFIX_HEADER = YES;
				GCC_PREFIX_HEADER = "SpriteWalkThrough/SpriteWalkThrough-Prefix.pch";
				GCC_PREPROCESSOR_DEFINITIONS = (
					"DEBUG=1",
					"$(inherited)",
				);
				INFOPLIST_FILE = "SpriteWalkThroughTests/SpriteWalkThroughTests-Info.plist";
				PRODUCT_NAME = "$(TARGET_NAME)";
				TEST_HOST = "$(BUNDLE_LOADER)";
				WRAPPER_EXTENSION = xctest;
			};
			name = Debug;
		};
		3D38F0CF176AA1BE00403F4E /* Release */ = {
			isa = XCBuildConfiguration;
			buildSettings = {
				BUNDLE_LOADER = "$(BUILT_PRODUCTS_DIR)/SpriteWalkThrough.app/SpriteWalkThrough";
				FRAMEWORK_SEARCH_PATHS = (
					"$(SDKROOT)/Developer/Library/Frameworks",
					"$(inherited)",
					"$(SYSTEM_APPS_DIR)/Xcode5-DP.app/Contents/Developer/Library/Frameworks",
				);
				GCC_PRECOMPILE_PREFIX_HEADER = YES;
				GCC_PREFIX_HEADER = "SpriteWalkThrough/SpriteWalkThrough-Prefix.pch";
				INFOPLIST_FILE = "SpriteWalkThroughTests/SpriteWalkThroughTests-Info.plist";
				PRODUCT_NAME = "$(TARGET_NAME)";
				TEST_HOST = "$(BUNDLE_LOADER)";
				WRAPPER_EXTENSION = xctest;
			};
			name = Release;
		};
/* End XCBuildConfiguration section */

/* Begin XCConfigurationList section */
		3D38F093176AA1BE00403F4E /* Build configuration list for PBXProject "SpriteWalkThrough" */ = {
			isa = XCConfigurationList;
			buildConfigurations = (
				3D38F0C8176AA1BE00403F4E /* Debug */,
				3D38F0C9176AA1BE00403F4E /* Release */,
			);
			defaultConfigurationIsVisible = 0;
			defaultConfigurationName = Release;
		};
		3D38F0CA176AA1BE00403F4E /* Build configuration list for PBXNativeTarget "SpriteWalkThrough" */ = {
			isa = XCConfigurationList;
			buildConfigurations = (
				3D38F0CB176AA1BE00403F4E /* Debug */,
				3D38F0CC176AA1BE00403F4E /* Release */,
			);
			defaultConfigurationIsVisible = 0;
			defaultConfigurationName = Release;
		};
		3D38F0CD176AA1BE00403F4E /* Build configuration list for PBXNativeTarget "SpriteWalkThroughTests" */ = {
			isa = XCConfigurationList;
			buildConfigurations = (
				3D38F0CE176AA1BE00403F4E /* Debug */,
				3D38F0CF176AA1BE00403F4E /* Release */,
			);
			defaultConfigurationIsVisible = 0;
			defaultConfigurationName = Release;
		};
/* End XCConfigurationList section */
	};
	rootObject = 3D38F090176AA1BE00403F4E /* Project object */;
}
